// !$*UTF8*$!
{
	archiveVersion = 1;
	classes = {
	};
	objectVersion = 50;
	objects = {

/* Begin PBXBuildFile section */
		400E366324C8B03E008A4924 /* OrderProduct.swift in Sources */ = {isa = PBXBuildFile; fileRef = 400E366224C8B03E008A4924 /* OrderProduct.swift */; };
		400E366524C8B929008A4924 /* OrderService.swift in Sources */ = {isa = PBXBuildFile; fileRef = 400E366424C8B929008A4924 /* OrderService.swift */; };
		40202F4829830C2000FAA4E3 /* ItemViews.swift in Sources */ = {isa = PBXBuildFile; fileRef = 40202F4729830C2000FAA4E3 /* ItemViews.swift */; };
		40202F4A29830F8400FAA4E3 /* FeedItemVisitor.swift in Sources */ = {isa = PBXBuildFile; fileRef = 40202F4929830F8400FAA4E3 /* FeedItemVisitor.swift */; };
		40202F4E298337C100FAA4E3 /* FeedItemFactory.swift in Sources */ = {isa = PBXBuildFile; fileRef = 40202F4D298337C100FAA4E3 /* FeedItemFactory.swift */; };
		4059AB5224EAFD1A00543A59 /* FeedSection.swift in Sources */ = {isa = PBXBuildFile; fileRef = 4059AB5124EAFD1A00543A59 /* FeedSection.swift */; };
		4059AB5624EB030600543A59 /* FeedViewModel.swift in Sources */ = {isa = PBXBuildFile; fileRef = 4059AB5524EB030600543A59 /* FeedViewModel.swift */; };
		4059AB5824EB035700543A59 /* FeedView.swift in Sources */ = {isa = PBXBuildFile; fileRef = 4059AB5724EB035700543A59 /* FeedView.swift */; };
		4059AB5B24EB49C600543A59 /* BannerCell.swift in Sources */ = {isa = PBXBuildFile; fileRef = 4059AB5A24EB49C600543A59 /* BannerCell.swift */; };
		4059AB5D24EB4A4100543A59 /* BannerFeedSection.swift in Sources */ = {isa = PBXBuildFile; fileRef = 4059AB5C24EB4A4100543A59 /* BannerFeedSection.swift */; };
		4059AB5F24EB4B3A00543A59 /* StoreCell.swift in Sources */ = {isa = PBXBuildFile; fileRef = 4059AB5E24EB4B3A00543A59 /* StoreCell.swift */; };
		4059AB6124EB4BE100543A59 /* StoreFeedSection.swift in Sources */ = {isa = PBXBuildFile; fileRef = 4059AB6024EB4BE100543A59 /* StoreFeedSection.swift */; };
		4059AB6324EB4D7E00543A59 /* FeaturedProductCell.swift in Sources */ = {isa = PBXBuildFile; fileRef = 4059AB6224EB4D7E00543A59 /* FeaturedProductCell.swift */; };
		4059AB6524EB4E0400543A59 /* FeaturedProductFeedSection.swift in Sources */ = {isa = PBXBuildFile; fileRef = 4059AB6424EB4E0400543A59 /* FeaturedProductFeedSection.swift */; };
		4059AB6724EB4F2200543A59 /* OptionCell.swift in Sources */ = {isa = PBXBuildFile; fileRef = 4059AB6624EB4F2200543A59 /* OptionCell.swift */; };
		4059AB6924EB4FA200543A59 /* OptionFeedSection.swift in Sources */ = {isa = PBXBuildFile; fileRef = 4059AB6824EB4FA200543A59 /* OptionFeedSection.swift */; };
		4059AB6B24EB50C400543A59 /* FeedSectionVisitor.swift in Sources */ = {isa = PBXBuildFile; fileRef = 4059AB6A24EB50C400543A59 /* FeedSectionVisitor.swift */; };
		4059AB6D24EB51A900543A59 /* FeedSectionFactory.swift in Sources */ = {isa = PBXBuildFile; fileRef = 4059AB6C24EB51A900543A59 /* FeedSectionFactory.swift */; };
		4064AFB424BFE2AC0037DF37 /* ProductDetail.swift in Sources */ = {isa = PBXBuildFile; fileRef = 4064AFB324BFE2AC0037DF37 /* ProductDetail.swift */; };
		40ACC62B24BFDE6C00EB5010 /* ProductView.swift in Sources */ = {isa = PBXBuildFile; fileRef = 40ACC62A24BFDE6C00EB5010 /* ProductView.swift */; };
		40ACC62D24BFDEE900EB5010 /* OrderViewModel.swift in Sources */ = {isa = PBXBuildFile; fileRef = 40ACC62C24BFDEE900EB5010 /* OrderViewModel.swift */; };
		40C8B53B24C8BAA1008A19A7 /* AddProduct.swift in Sources */ = {isa = PBXBuildFile; fileRef = 40C8B53A24C8BAA1008A19A7 /* AddProduct.swift */; };
		40D12D8024D0E075003304A3 /* Store.swift in Sources */ = {isa = PBXBuildFile; fileRef = 40D12D7F24D0E075003304A3 /* Store.swift */; };
		40D12D8224D0E0A7003304A3 /* StoreService.swift in Sources */ = {isa = PBXBuildFile; fileRef = 40D12D8124D0E0A7003304A3 /* StoreService.swift */; };
		40D12D8524D0E114003304A3 /* TabBarView.swift in Sources */ = {isa = PBXBuildFile; fileRef = 40D12D8424D0E114003304A3 /* TabBarView.swift */; };
		40D12D8924D0E2C3003304A3 /* StoresMapView.swift in Sources */ = {isa = PBXBuildFile; fileRef = 40D12D8824D0E2C3003304A3 /* StoresMapView.swift */; };
		40D12D8B24D0E405003304A3 /* StoresViewModel.swift in Sources */ = {isa = PBXBuildFile; fileRef = 40D12D8A24D0E405003304A3 /* StoresViewModel.swift */; };
		40D12D8D24D0E45C003304A3 /* StoresView.swift in Sources */ = {isa = PBXBuildFile; fileRef = 40D12D8C24D0E45C003304A3 /* StoresView.swift */; };
		40D12D8F24D0E8B2003304A3 /* ApplicationService.swift in Sources */ = {isa = PBXBuildFile; fileRef = 40D12D8E24D0E8B2003304A3 /* ApplicationService.swift */; };
		40DD15FB24BFC51000F29293 /* AppDelegate.swift in Sources */ = {isa = PBXBuildFile; fileRef = 40DD15FA24BFC51000F29293 /* AppDelegate.swift */; };
		40DD15FD24BFC51000F29293 /* SceneDelegate.swift in Sources */ = {isa = PBXBuildFile; fileRef = 40DD15FC24BFC51000F29293 /* SceneDelegate.swift */; };
		40DD160124BFC51200F29293 /* Assets.xcassets in Resources */ = {isa = PBXBuildFile; fileRef = 40DD160024BFC51200F29293 /* Assets.xcassets */; };
		40DD160424BFC51200F29293 /* Preview Assets.xcassets in Resources */ = {isa = PBXBuildFile; fileRef = 40DD160324BFC51200F29293 /* Preview Assets.xcassets */; };
		40DD160724BFC51200F29293 /* LaunchScreen.storyboard in Resources */ = {isa = PBXBuildFile; fileRef = 40DD160524BFC51200F29293 /* LaunchScreen.storyboard */; };
		40DD161324BFC53500F29293 /* ProductService.swift in Sources */ = {isa = PBXBuildFile; fileRef = 40DD160F24BFC53400F29293 /* ProductService.swift */; };
		40DD161424BFC53500F29293 /* Order.swift in Sources */ = {isa = PBXBuildFile; fileRef = 40DD161124BFC53500F29293 /* Order.swift */; };
		40DD161524BFC53500F29293 /* Product.swift in Sources */ = {isa = PBXBuildFile; fileRef = 40DD161224BFC53500F29293 /* Product.swift */; };
		40DD161924BFC5D300F29293 /* OrderView.swift in Sources */ = {isa = PBXBuildFile; fileRef = 40DD161824BFC5D300F29293 /* OrderView.swift */; };
		40E5F15824C8C2FA009C3080 /* MockData.swift in Sources */ = {isa = PBXBuildFile; fileRef = 40E5F15724C8C2FA009C3080 /* MockData.swift */; };
		40E5F15B24C8EDE4009C3080 /* AddProductView.swift in Sources */ = {isa = PBXBuildFile; fileRef = 40E5F15A24C8EDE4009C3080 /* AddProductView.swift */; };
		40E5F15D24C8EDF0009C3080 /* AddProductViewModel.swift in Sources */ = {isa = PBXBuildFile; fileRef = 40E5F15C24C8EDF0009C3080 /* AddProductViewModel.swift */; };
		40E5F15F24C8F388009C3080 /* TapSound.mp3 in Resources */ = {isa = PBXBuildFile; fileRef = 40E5F15E24C8F388009C3080 /* TapSound.mp3 */; };
/* End PBXBuildFile section */

/* Begin PBXFileReference section */
		4004A7AF24C1106600534094 /* Furniture.entitlements */ = {isa = PBXFileReference; lastKnownFileType = text.plist.entitlements; path = Furniture.entitlements; sourceTree = "<group>"; };
		400E366224C8B03E008A4924 /* OrderProduct.swift */ = {isa = PBXFileReference; lastKnownFileType = sourcecode.swift; path = OrderProduct.swift; sourceTree = "<group>"; };
		400E366424C8B929008A4924 /* OrderService.swift */ = {isa = PBXFileReference; lastKnownFileType = sourcecode.swift; path = OrderService.swift; sourceTree = "<group>"; };
		40202F4729830C2000FAA4E3 /* ItemViews.swift */ = {isa = PBXFileReference; lastKnownFileType = sourcecode.swift; path = ItemViews.swift; sourceTree = "<group>"; };
		40202F4929830F8400FAA4E3 /* FeedItemVisitor.swift */ = {isa = PBXFileReference; lastKnownFileType = sourcecode.swift; path = FeedItemVisitor.swift; sourceTree = "<group>"; };
		40202F4D298337C100FAA4E3 /* FeedItemFactory.swift */ = {isa = PBXFileReference; lastKnownFileType = sourcecode.swift; path = FeedItemFactory.swift; sourceTree = "<group>"; };
		4059AB5124EAFD1A00543A59 /* FeedSection.swift */ = {isa = PBXFileReference; lastKnownFileType = sourcecode.swift; path = FeedSection.swift; sourceTree = "<group>"; };
		4059AB5524EB030600543A59 /* FeedViewModel.swift */ = {isa = PBXFileReference; lastKnownFileType = sourcecode.swift; path = FeedViewModel.swift; sourceTree = "<group>"; };
		4059AB5724EB035700543A59 /* FeedView.swift */ = {isa = PBXFileReference; lastKnownFileType = sourcecode.swift; path = FeedView.swift; sourceTree = "<group>"; };
		4059AB5A24EB49C600543A59 /* BannerCell.swift */ = {isa = PBXFileReference; lastKnownFileType = sourcecode.swift; path = BannerCell.swift; sourceTree = "<group>"; };
		4059AB5C24EB4A4100543A59 /* BannerFeedSection.swift */ = {isa = PBXFileReference; lastKnownFileType = sourcecode.swift; path = BannerFeedSection.swift; sourceTree = "<group>"; };
		4059AB5E24EB4B3A00543A59 /* StoreCell.swift */ = {isa = PBXFileReference; lastKnownFileType = sourcecode.swift; path = StoreCell.swift; sourceTree = "<group>"; };
		4059AB6024EB4BE100543A59 /* StoreFeedSection.swift */ = {isa = PBXFileReference; lastKnownFileType = sourcecode.swift; path = StoreFeedSection.swift; sourceTree = "<group>"; };
		4059AB6224EB4D7E00543A59 /* FeaturedProductCell.swift */ = {isa = PBXFileReference; lastKnownFileType = sourcecode.swift; path = FeaturedProductCell.swift; sourceTree = "<group>"; };
		4059AB6424EB4E0400543A59 /* FeaturedProductFeedSection.swift */ = {isa = PBXFileReference; lastKnownFileType = sourcecode.swift; path = FeaturedProductFeedSection.swift; sourceTree = "<group>"; };
		4059AB6624EB4F2200543A59 /* OptionCell.swift */ = {isa = PBXFileReference; lastKnownFileType = sourcecode.swift; path = OptionCell.swift; sourceTree = "<group>"; };
		4059AB6824EB4FA200543A59 /* OptionFeedSection.swift */ = {isa = PBXFileReference; lastKnownFileType = sourcecode.swift; path = OptionFeedSection.swift; sourceTree = "<group>"; };
		4059AB6A24EB50C400543A59 /* FeedSectionVisitor.swift */ = {isa = PBXFileReference; lastKnownFileType = sourcecode.swift; path = FeedSectionVisitor.swift; sourceTree = "<group>"; };
		4059AB6C24EB51A900543A59 /* FeedSectionFactory.swift */ = {isa = PBXFileReference; lastKnownFileType = sourcecode.swift; path = FeedSectionFactory.swift; sourceTree = "<group>"; };
		4064AFB324BFE2AC0037DF37 /* ProductDetail.swift */ = {isa = PBXFileReference; lastKnownFileType = sourcecode.swift; path = ProductDetail.swift; sourceTree = "<group>"; };
		40ACC62A24BFDE6C00EB5010 /* ProductView.swift */ = {isa = PBXFileReference; lastKnownFileType = sourcecode.swift; path = ProductView.swift; sourceTree = "<group>"; };
		40ACC62C24BFDEE900EB5010 /* OrderViewModel.swift */ = {isa = PBXFileReference; lastKnownFileType = sourcecode.swift; path = OrderViewModel.swift; sourceTree = "<group>"; };
		40C8B53A24C8BAA1008A19A7 /* AddProduct.swift */ = {isa = PBXFileReference; lastKnownFileType = sourcecode.swift; path = AddProduct.swift; sourceTree = "<group>"; };
		40D12D7F24D0E075003304A3 /* Store.swift */ = {isa = PBXFileReference; lastKnownFileType = sourcecode.swift; path = Store.swift; sourceTree = "<group>"; };
		40D12D8124D0E0A7003304A3 /* StoreService.swift */ = {isa = PBXFileReference; lastKnownFileType = sourcecode.swift; path = StoreService.swift; sourceTree = "<group>"; };
		40D12D8424D0E114003304A3 /* TabBarView.swift */ = {isa = PBXFileReference; lastKnownFileType = sourcecode.swift; path = TabBarView.swift; sourceTree = "<group>"; };
		40D12D8824D0E2C3003304A3 /* StoresMapView.swift */ = {isa = PBXFileReference; lastKnownFileType = sourcecode.swift; path = StoresMapView.swift; sourceTree = "<group>"; };
		40D12D8A24D0E405003304A3 /* StoresViewModel.swift */ = {isa = PBXFileReference; lastKnownFileType = sourcecode.swift; path = StoresViewModel.swift; sourceTree = "<group>"; };
		40D12D8C24D0E45C003304A3 /* StoresView.swift */ = {isa = PBXFileReference; lastKnownFileType = sourcecode.swift; path = StoresView.swift; sourceTree = "<group>"; };
		40D12D8E24D0E8B2003304A3 /* ApplicationService.swift */ = {isa = PBXFileReference; lastKnownFileType = sourcecode.swift; path = ApplicationService.swift; sourceTree = "<group>"; };
		40DD15F724BFC51000F29293 /* Furniture.app */ = {isa = PBXFileReference; explicitFileType = wrapper.application; includeInIndex = 0; path = Furniture.app; sourceTree = BUILT_PRODUCTS_DIR; };
		40DD15FA24BFC51000F29293 /* AppDelegate.swift */ = {isa = PBXFileReference; lastKnownFileType = sourcecode.swift; path = AppDelegate.swift; sourceTree = "<group>"; };
		40DD15FC24BFC51000F29293 /* SceneDelegate.swift */ = {isa = PBXFileReference; lastKnownFileType = sourcecode.swift; path = SceneDelegate.swift; sourceTree = "<group>"; };
		40DD160024BFC51200F29293 /* Assets.xcassets */ = {isa = PBXFileReference; lastKnownFileType = folder.assetcatalog; path = Assets.xcassets; sourceTree = "<group>"; };
		40DD160324BFC51200F29293 /* Preview Assets.xcassets */ = {isa = PBXFileReference; lastKnownFileType = folder.assetcatalog; path = "Preview Assets.xcassets"; sourceTree = "<group>"; };
		40DD160624BFC51200F29293 /* Base */ = {isa = PBXFileReference; lastKnownFileType = file.storyboard; name = Base; path = Base.lproj/LaunchScreen.storyboard; sourceTree = "<group>"; };
		40DD160824BFC51200F29293 /* Info.plist */ = {isa = PBXFileReference; lastKnownFileType = text.plist.xml; path = Info.plist; sourceTree = "<group>"; };
		40DD160F24BFC53400F29293 /* ProductService.swift */ = {isa = PBXFileReference; fileEncoding = 4; lastKnownFileType = sourcecode.swift; path = ProductService.swift; sourceTree = "<group>"; };
		40DD161124BFC53500F29293 /* Order.swift */ = {isa = PBXFileReference; fileEncoding = 4; lastKnownFileType = sourcecode.swift; path = Order.swift; sourceTree = "<group>"; };
		40DD161224BFC53500F29293 /* Product.swift */ = {isa = PBXFileReference; fileEncoding = 4; lastKnownFileType = sourcecode.swift; path = Product.swift; sourceTree = "<group>"; };
		40DD161824BFC5D300F29293 /* OrderView.swift */ = {isa = PBXFileReference; fileEncoding = 4; lastKnownFileType = sourcecode.swift; path = OrderView.swift; sourceTree = "<group>"; };
		40E5F15724C8C2FA009C3080 /* MockData.swift */ = {isa = PBXFileReference; lastKnownFileType = sourcecode.swift; path = MockData.swift; sourceTree = "<group>"; };
		40E5F15A24C8EDE4009C3080 /* AddProductView.swift */ = {isa = PBXFileReference; lastKnownFileType = sourcecode.swift; path = AddProductView.swift; sourceTree = "<group>"; };
		40E5F15C24C8EDF0009C3080 /* AddProductViewModel.swift */ = {isa = PBXFileReference; lastKnownFileType = sourcecode.swift; path = AddProductViewModel.swift; sourceTree = "<group>"; };
		40E5F15E24C8F388009C3080 /* TapSound.mp3 */ = {isa = PBXFileReference; lastKnownFileType = audio.mp3; path = TapSound.mp3; sourceTree = SOURCE_ROOT; };
/* End PBXFileReference section */

/* Begin PBXFrameworksBuildPhase section */
		40DD15F424BFC51000F29293 /* Frameworks */ = {
			isa = PBXFrameworksBuildPhase;
			buildActionMask = 2147483647;
			files = (
			);
			runOnlyForDeploymentPostprocessing = 0;
		};
/* End PBXFrameworksBuildPhase section */

/* Begin PBXGroup section */
		40202F4629830C0700FAA4E3 /* Items */ = {
			isa = PBXGroup;
			children = (
				40202F4729830C2000FAA4E3 /* ItemViews.swift */,
			);
			path = Items;
			sourceTree = "<group>";
		};
		4059AB5024EAFD0A00543A59 /* Feed */ = {
			isa = PBXGroup;
			children = (
				4059AB5924EB49B400543A59 /* Sections */,
				4059AB5124EAFD1A00543A59 /* FeedSection.swift */,
				4059AB5524EB030600543A59 /* FeedViewModel.swift */,
				4059AB5724EB035700543A59 /* FeedView.swift */,
				4059AB6A24EB50C400543A59 /* FeedSectionVisitor.swift */,
				4059AB6C24EB51A900543A59 /* FeedSectionFactory.swift */,
				40202F4D298337C100FAA4E3 /* FeedItemFactory.swift */,
				40202F4929830F8400FAA4E3 /* FeedItemVisitor.swift */,
			);
			path = Feed;
			sourceTree = "<group>";
		};
		4059AB5924EB49B400543A59 /* Sections */ = {
			isa = PBXGroup;
			children = (
				4059AB5A24EB49C600543A59 /* BannerCell.swift */,
				4059AB5C24EB4A4100543A59 /* BannerFeedSection.swift */,
				4059AB5E24EB4B3A00543A59 /* StoreCell.swift */,
				4059AB6024EB4BE100543A59 /* StoreFeedSection.swift */,
				4059AB6224EB4D7E00543A59 /* FeaturedProductCell.swift */,
				4059AB6424EB4E0400543A59 /* FeaturedProductFeedSection.swift */,
				4059AB6624EB4F2200543A59 /* OptionCell.swift */,
				4059AB6824EB4FA200543A59 /* OptionFeedSection.swift */,
			);
			path = Sections;
			sourceTree = "<group>";
		};
		4064AFB224BFE29A0037DF37 /* ProductDetail */ = {
			isa = PBXGroup;
			children = (
				4064AFB324BFE2AC0037DF37 /* ProductDetail.swift */,
			);
			path = ProductDetail;
			sourceTree = "<group>";
		};
		40C8B53924C8BA93008A19A7 /* UseCase */ = {
			isa = PBXGroup;
			children = (
				40C8B53A24C8BAA1008A19A7 /* AddProduct.swift */,
			);
			path = UseCase;
			sourceTree = "<group>";
		};
		40D12D8324D0E108003304A3 /* TabBar */ = {
			isa = PBXGroup;
			children = (
				40D12D8424D0E114003304A3 /* TabBarView.swift */,
			);
			path = TabBar;
			sourceTree = "<group>";
		};
		40D12D8724D0E2AF003304A3 /* Stores */ = {
			isa = PBXGroup;
			children = (
				40D12D8824D0E2C3003304A3 /* StoresMapView.swift */,
				40D12D8A24D0E405003304A3 /* StoresViewModel.swift */,
				40D12D8C24D0E45C003304A3 /* StoresView.swift */,
			);
			path = Stores;
			sourceTree = "<group>";
		};
		40DD15EE24BFC51000F29293 = {
			isa = PBXGroup;
			children = (
				40DD15F924BFC51000F29293 /* Furniture */,
				40DD15F824BFC51000F29293 /* Products */,
			);
			sourceTree = "<group>";
		};
		40DD15F824BFC51000F29293 /* Products */ = {
			isa = PBXGroup;
			children = (
				40DD15F724BFC51000F29293 /* Furniture.app */,
			);
			name = Products;
			sourceTree = "<group>";
		};
		40DD15F924BFC51000F29293 /* Furniture */ = {
			isa = PBXGroup;
			children = (
				40E5F15E24C8F388009C3080 /* TapSound.mp3 */,
				4004A7AF24C1106600534094 /* Furniture.entitlements */,
				40DD162B24BFDD4000F29293 /* Scenes */,
				40DD161024BFC53500F29293 /* Model */,
				40DD160E24BFC53400F29293 /* Services */,
				40C8B53924C8BA93008A19A7 /* UseCase */,
				40DD15FA24BFC51000F29293 /* AppDelegate.swift */,
				40DD15FC24BFC51000F29293 /* SceneDelegate.swift */,
				40DD160024BFC51200F29293 /* Assets.xcassets */,
				40DD160524BFC51200F29293 /* LaunchScreen.storyboard */,
				40DD160824BFC51200F29293 /* Info.plist */,
				40DD160224BFC51200F29293 /* Preview Content */,
			);
			path = Furniture;
			sourceTree = "<group>";
		};
		40DD160224BFC51200F29293 /* Preview Content */ = {
			isa = PBXGroup;
			children = (
				40DD160324BFC51200F29293 /* Preview Assets.xcassets */,
			);
			path = "Preview Content";
			sourceTree = "<group>";
		};
		40DD160E24BFC53400F29293 /* Services */ = {
			isa = PBXGroup;
			children = (
				40DD160F24BFC53400F29293 /* ProductService.swift */,
				400E366424C8B929008A4924 /* OrderService.swift */,
				40D12D8124D0E0A7003304A3 /* StoreService.swift */,
				40D12D8E24D0E8B2003304A3 /* ApplicationService.swift */,
			);
			path = Services;
			sourceTree = "<group>";
		};
		40DD161024BFC53500F29293 /* Model */ = {
			isa = PBXGroup;
			children = (
				40DD161124BFC53500F29293 /* Order.swift */,
				400E366224C8B03E008A4924 /* OrderProduct.swift */,
				40DD161224BFC53500F29293 /* Product.swift */,
				40D12D7F24D0E075003304A3 /* Store.swift */,
			);
			path = Model;
			sourceTree = "<group>";
		};
		40DD162B24BFDD4000F29293 /* Scenes */ = {
			isa = PBXGroup;
			children = (
				40202F4629830C0700FAA4E3 /* Items */,
				4059AB5024EAFD0A00543A59 /* Feed */,
				40D12D8324D0E108003304A3 /* TabBar */,
				40E5F15624C8C2EE009C3080 /* Mocks */,
				40E5F15924C8EDD6009C3080 /* AddProduct */,
				40DD162C24BFDD4500F29293 /* Order */,
				40D12D8724D0E2AF003304A3 /* Stores */,
				4064AFB224BFE29A0037DF37 /* ProductDetail */,
			);
			path = Scenes;
			sourceTree = "<group>";
		};
		40DD162C24BFDD4500F29293 /* Order */ = {
			isa = PBXGroup;
			children = (
				40DD161824BFC5D300F29293 /* OrderView.swift */,
				40ACC62C24BFDEE900EB5010 /* OrderViewModel.swift */,
				40ACC62A24BFDE6C00EB5010 /* ProductView.swift */,
			);
			path = Order;
			sourceTree = "<group>";
		};
		40E5F15624C8C2EE009C3080 /* Mocks */ = {
			isa = PBXGroup;
			children = (
				40E5F15724C8C2FA009C3080 /* MockData.swift */,
			);
			path = Mocks;
			sourceTree = "<group>";
		};
		40E5F15924C8EDD6009C3080 /* AddProduct */ = {
			isa = PBXGroup;
			children = (
				40E5F15A24C8EDE4009C3080 /* AddProductView.swift */,
				40E5F15C24C8EDF0009C3080 /* AddProductViewModel.swift */,
			);
			path = AddProduct;
			sourceTree = "<group>";
		};
/* End PBXGroup section */

/* Begin PBXNativeTarget section */
		40DD15F624BFC51000F29293 /* Furniture */ = {
			isa = PBXNativeTarget;
			buildConfigurationList = 40DD160B24BFC51200F29293 /* Build configuration list for PBXNativeTarget "Furniture" */;
			buildPhases = (
				40DD15F324BFC51000F29293 /* Sources */,
				40DD15F424BFC51000F29293 /* Frameworks */,
				40DD15F524BFC51000F29293 /* Resources */,
			);
			buildRules = (
			);
			dependencies = (
			);
			name = Furniture;
			productName = Furniture;
			productReference = 40DD15F724BFC51000F29293 /* Furniture.app */;
			productType = "com.apple.product-type.application";
		};
/* End PBXNativeTarget section */

/* Begin PBXProject section */
		40DD15EF24BFC51000F29293 /* Project object */ = {
			isa = PBXProject;
			attributes = {
				LastSwiftUpdateCheck = 1150;
				LastUpgradeCheck = 1150;
				ORGANIZATIONNAME = CodingWithTom;
				TargetAttributes = {
					40DD15F624BFC51000F29293 = {
						CreatedOnToolsVersion = 11.5;
					};
				};
			};
			buildConfigurationList = 40DD15F224BFC51000F29293 /* Build configuration list for PBXProject "Furniture" */;
			compatibilityVersion = "Xcode 9.3";
			developmentRegion = en;
			hasScannedForEncodings = 0;
			knownRegions = (
				en,
				Base,
			);
			mainGroup = 40DD15EE24BFC51000F29293;
			productRefGroup = 40DD15F824BFC51000F29293 /* Products */;
			projectDirPath = "";
			projectRoot = "";
			targets = (
				40DD15F624BFC51000F29293 /* Furniture */,
			);
		};
/* End PBXProject section */

/* Begin PBXResourcesBuildPhase section */
		40DD15F524BFC51000F29293 /* Resources */ = {
			isa = PBXResourcesBuildPhase;
			buildActionMask = 2147483647;
			files = (
				40E5F15F24C8F388009C3080 /* TapSound.mp3 in Resources */,
				40DD160724BFC51200F29293 /* LaunchScreen.storyboard in Resources */,
				40DD160424BFC51200F29293 /* Preview Assets.xcassets in Resources */,
				40DD160124BFC51200F29293 /* Assets.xcassets in Resources */,
			);
			runOnlyForDeploymentPostprocessing = 0;
		};
/* End PBXResourcesBuildPhase section */

/* Begin PBXSourcesBuildPhase section */
		40DD15F324BFC51000F29293 /* Sources */ = {
			isa = PBXSourcesBuildPhase;
			buildActionMask = 2147483647;
			files = (
				40DD15FB24BFC51000F29293 /* AppDelegate.swift in Sources */,
				40DD161324BFC53500F29293 /* ProductService.swift in Sources */,
				40D12D8F24D0E8B2003304A3 /* ApplicationService.swift in Sources */,
				4059AB5F24EB4B3A00543A59 /* StoreCell.swift in Sources */,
				4059AB6724EB4F2200543A59 /* OptionCell.swift in Sources */,
				4059AB5B24EB49C600543A59 /* BannerCell.swift in Sources */,
				40E5F15B24C8EDE4009C3080 /* AddProductView.swift in Sources */,
				4059AB6924EB4FA200543A59 /* OptionFeedSection.swift in Sources */,
				40D12D8024D0E075003304A3 /* Store.swift in Sources */,
				40E5F15D24C8EDF0009C3080 /* AddProductViewModel.swift in Sources */,
				4059AB6D24EB51A900543A59 /* FeedSectionFactory.swift in Sources */,
				40202F4E298337C100FAA4E3 /* FeedItemFactory.swift in Sources */,
				40D12D8224D0E0A7003304A3 /* StoreService.swift in Sources */,
				400E366324C8B03E008A4924 /* OrderProduct.swift in Sources */,
				40D12D8924D0E2C3003304A3 /* StoresMapView.swift in Sources */,
				40E5F15824C8C2FA009C3080 /* MockData.swift in Sources */,
				4059AB5D24EB4A4100543A59 /* BannerFeedSection.swift in Sources */,
				4059AB5824EB035700543A59 /* FeedView.swift in Sources */,
				4064AFB424BFE2AC0037DF37 /* ProductDetail.swift in Sources */,
				400E366524C8B929008A4924 /* OrderService.swift in Sources */,
				4059AB6124EB4BE100543A59 /* StoreFeedSection.swift in Sources */,
				40D12D8524D0E114003304A3 /* TabBarView.swift in Sources */,
				40D12D8B24D0E405003304A3 /* StoresViewModel.swift in Sources */,
				4059AB5624EB030600543A59 /* FeedViewModel.swift in Sources */,
				40C8B53B24C8BAA1008A19A7 /* AddProduct.swift in Sources */,
				4059AB6324EB4D7E00543A59 /* FeaturedProductCell.swift in Sources */,
				40202F4A29830F8400FAA4E3 /* FeedItemVisitor.swift in Sources */,
				40DD161924BFC5D300F29293 /* OrderView.swift in Sources */,
				40D12D8D24D0E45C003304A3 /* StoresView.swift in Sources */,
				40DD161424BFC53500F29293 /* Order.swift in Sources */,
				40ACC62B24BFDE6C00EB5010 /* ProductView.swift in Sources */,
				40DD15FD24BFC51000F29293 /* SceneDelegate.swift in Sources */,
				40DD161524BFC53500F29293 /* Product.swift in Sources */,
				40202F4829830C2000FAA4E3 /* ItemViews.swift in Sources */,
				4059AB6B24EB50C400543A59 /* FeedSectionVisitor.swift in Sources */,
				4059AB6524EB4E0400543A59 /* FeaturedProductFeedSection.swift in Sources */,
				4059AB5224EAFD1A00543A59 /* FeedSection.swift in Sources */,
				40ACC62D24BFDEE900EB5010 /* OrderViewModel.swift in Sources */,
			);
			runOnlyForDeploymentPostprocessing = 0;
		};
/* End PBXSourcesBuildPhase section */

/* Begin PBXVariantGroup section */
		40DD160524BFC51200F29293 /* LaunchScreen.storyboard */ = {
			isa = PBXVariantGroup;
			children = (
				40DD160624BFC51200F29293 /* Base */,
			);
			name = LaunchScreen.storyboard;
			sourceTree = "<group>";
		};
/* End PBXVariantGroup section */

/* Begin XCBuildConfiguration section */
		40DD160924BFC51200F29293 /* Debug */ = {
			isa = XCBuildConfiguration;
			buildSettings = {
				ALWAYS_SEARCH_USER_PATHS = NO;
				CLANG_ANALYZER_NONNULL = YES;
				CLANG_ANALYZER_NUMBER_OBJECT_CONVERSION = YES_AGGRESSIVE;
				CLANG_CXX_LANGUAGE_STANDARD = "gnu++14";
				CLANG_CXX_LIBRARY = "libc++";
				CLANG_ENABLE_MODULES = YES;
				CLANG_ENABLE_OBJC_ARC = YES;
				CLANG_ENABLE_OBJC_WEAK = YES;
				CLANG_WARN_BLOCK_CAPTURE_AUTORELEASING = YES;
				CLANG_WARN_BOOL_CONVERSION = YES;
				CLANG_WARN_COMMA = YES;
				CLANG_WARN_CONSTANT_CONVERSION = YES;
				CLANG_WARN_DEPRECATED_OBJC_IMPLEMENTATIONS = YES;
				CLANG_WARN_DIRECT_OBJC_ISA_USAGE = YES_ERROR;
				CLANG_WARN_DOCUMENTATION_COMMENTS = YES;
				CLANG_WARN_EMPTY_BODY = YES;
				CLANG_WARN_ENUM_CONVERSION = YES;
				CLANG_WARN_INFINITE_RECURSION = YES;
				CLANG_WARN_INT_CONVERSION = YES;
				CLANG_WARN_NON_LITERAL_NULL_CONVERSION = YES;
				CLANG_WARN_OBJC_IMPLICIT_RETAIN_SELF = YES;
				CLANG_WARN_OBJC_LITERAL_CONVERSION = YES;
				CLANG_WARN_OBJC_ROOT_CLASS = YES_ERROR;
				CLANG_WARN_RANGE_LOOP_ANALYSIS = YES;
				CLANG_WARN_STRICT_PROTOTYPES = YES;
				CLANG_WARN_SUSPICIOUS_MOVE = YES;
				CLANG_WARN_UNGUARDED_AVAILABILITY = YES_AGGRESSIVE;
				CLANG_WARN_UNREACHABLE_CODE = YES;
				CLANG_WARN__DUPLICATE_METHOD_MATCH = YES;
				COPY_PHASE_STRIP = NO;
				DEBUG_INFORMATION_FORMAT = dwarf;
				ENABLE_STRICT_OBJC_MSGSEND = YES;
				ENABLE_TESTABILITY = YES;
				GCC_C_LANGUAGE_STANDARD = gnu11;
				GCC_DYNAMIC_NO_PIC = NO;
				GCC_NO_COMMON_BLOCKS = YES;
				GCC_OPTIMIZATION_LEVEL = 0;
				GCC_PREPROCESSOR_DEFINITIONS = (
					"DEBUG=1",
					"$(inherited)",
				);
				GCC_WARN_64_TO_32_BIT_CONVERSION = YES;
				GCC_WARN_ABOUT_RETURN_TYPE = YES_ERROR;
				GCC_WARN_UNDECLARED_SELECTOR = YES;
				GCC_WARN_UNINITIALIZED_AUTOS = YES_AGGRESSIVE;
				GCC_WARN_UNUSED_FUNCTION = YES;
				GCC_WARN_UNUSED_VARIABLE = YES;
				IPHONEOS_DEPLOYMENT_TARGET = 17.0;
				MTL_ENABLE_DEBUG_INFO = INCLUDE_SOURCE;
				MTL_FAST_MATH = YES;
				ONLY_ACTIVE_ARCH = YES;
				SDKROOT = iphoneos;
				SWIFT_ACTIVE_COMPILATION_CONDITIONS = DEBUG;
				SWIFT_OPTIMIZATION_LEVEL = "-Onone";
			};
			name = Debug;
		};
		40DD160A24BFC51200F29293 /* Release */ = {
			isa = XCBuildConfiguration;
			buildSettings = {
				ALWAYS_SEARCH_USER_PATHS = NO;
				CLANG_ANALYZER_NONNULL = YES;
				CLANG_ANALYZER_NUMBER_OBJECT_CONVERSION = YES_AGGRESSIVE;
				CLANG_CXX_LANGUAGE_STANDARD = "gnu++14";
				CLANG_CXX_LIBRARY = "libc++";
				CLANG_ENABLE_MODULES = YES;
				CLANG_ENABLE_OBJC_ARC = YES;
				CLANG_ENABLE_OBJC_WEAK = YES;
				CLANG_WARN_BLOCK_CAPTURE_AUTORELEASING = YES;
				CLANG_WARN_BOOL_CONVERSION = YES;
				CLANG_WARN_COMMA = YES;
				CLANG_WARN_CONSTANT_CONVERSION = YES;
				CLANG_WARN_DEPRECATED_OBJC_IMPLEMENTATIONS = YES;
				CLANG_WARN_DIRECT_OBJC_ISA_USAGE = YES_ERROR;
				CLANG_WARN_DOCUMENTATION_COMMENTS = YES;
				CLANG_WARN_EMPTY_BODY = YES;
				CLANG_WARN_ENUM_CONVERSION = YES;
				CLANG_WARN_INFINITE_RECURSION = YES;
				CLANG_WARN_INT_CONVERSION = YES;
				CLANG_WARN_NON_LITERAL_NULL_CONVERSION = YES;
				CLANG_WARN_OBJC_IMPLICIT_RETAIN_SELF = YES;
				CLANG_WARN_OBJC_LITERAL_CONVERSION = YES;
				CLANG_WARN_OBJC_ROOT_CLASS = YES_ERROR;
				CLANG_WARN_RANGE_LOOP_ANALYSIS = YES;
				CLANG_WARN_STRICT_PROTOTYPES = YES;
				CLANG_WARN_SUSPICIOUS_MOVE = YES;
				CLANG_WARN_UNGUARDED_AVAILABILITY = YES_AGGRESSIVE;
				CLANG_WARN_UNREACHABLE_CODE = YES;
				CLANG_WARN__DUPLICATE_METHOD_MATCH = YES;
				COPY_PHASE_STRIP = NO;
				DEBUG_INFORMATION_FORMAT = "dwarf-with-dsym";
				ENABLE_NS_ASSERTIONS = NO;
				ENABLE_STRICT_OBJC_MSGSEND = YES;
				GCC_C_LANGUAGE_STANDARD = gnu11;
				GCC_NO_COMMON_BLOCKS = YES;
				GCC_WARN_64_TO_32_BIT_CONVERSION = YES;
				GCC_WARN_ABOUT_RETURN_TYPE = YES_ERROR;
				GCC_WARN_UNDECLARED_SELECTOR = YES;
				GCC_WARN_UNINITIALIZED_AUTOS = YES_AGGRESSIVE;
				GCC_WARN_UNUSED_FUNCTION = YES;
				GCC_WARN_UNUSED_VARIABLE = YES;
				IPHONEOS_DEPLOYMENT_TARGET = 17.0;
				MTL_ENABLE_DEBUG_INFO = NO;
				MTL_FAST_MATH = YES;
				SDKROOT = iphoneos;
				SWIFT_COMPILATION_MODE = wholemodule;
				SWIFT_OPTIMIZATION_LEVEL = "-O";
				VALIDATE_PRODUCT = YES;
			};
			name = Release;
		};
		40DD160C24BFC51200F29293 /* Debug */ = {
			isa = XCBuildConfiguration;
			buildSettings = {
				ASSETCATALOG_COMPILER_APPICON_NAME = AppIcon;
				CODE_SIGN_ENTITLEMENTS = Furniture/Furniture.entitlements;
				CODE_SIGN_STYLE = Automatic;
				DEVELOPMENT_ASSET_PATHS = "\"Furniture/Preview Content\"";
				DEVELOPMENT_TEAM = "";
				ENABLE_PREVIEWS = YES;
				INFOPLIST_FILE = Furniture/Info.plist;
				IPHONEOS_DEPLOYMENT_TARGET = 18.0;
				LD_RUNPATH_SEARCH_PATHS = (
					"$(inherited)",
					"@executable_path/Frameworks",
				);
				PRODUCT_BUNDLE_IDENTIFIER = com.codingWithTom.Furniture;
				PRODUCT_NAME = "$(TARGET_NAME)";
				SUPPORTS_MACCATALYST = YES;
				SWIFT_VERSION = 5.0;
				TARGETED_DEVICE_FAMILY = "1,2";
			};
			name = Debug;
		};
		40DD160D24BFC51200F29293 /* Release */ = {
			isa = XCBuildConfiguration;
			buildSettings = {
				ASSETCATALOG_COMPILER_APPICON_NAME = AppIcon;
				CODE_SIGN_ENTITLEMENTS = Furniture/Furniture.entitlements;
				CODE_SIGN_STYLE = Automatic;
				DEVELOPMENT_ASSET_PATHS = "\"Furniture/Preview Content\"";
				DEVELOPMENT_TEAM = "";
				ENABLE_PREVIEWS = YES;
				INFOPLIST_FILE = Furniture/Info.plist;
				IPHONEOS_DEPLOYMENT_TARGET = 18.0;
				LD_RUNPATH_SEARCH_PATHS = (
					"$(inherited)",
					"@executable_path/Frameworks",
				);
				PRODUCT_BUNDLE_IDENTIFIER = com.codingWithTom.Furniture;
				PRODUCT_NAME = "$(TARGET_NAME)";
				SUPPORTS_MACCATALYST = YES;
				SWIFT_VERSION = 5.0;
				TARGETED_DEVICE_FAMILY = "1,2";
			};
			name = Release;
		};
/* End XCBuildConfiguration section */

/* Begin XCConfigurationList section */
		40DD15F224BFC51000F29293 /* Build configuration list for PBXProject "Furniture" */ = {
			isa = XCConfigurationList;
			buildConfigurations = (
				40DD160924BFC51200F29293 /* Debug */,
				40DD160A24BFC51200F29293 /* Release */,
			);
			defaultConfigurationIsVisible = 0;
			defaultConfigurationName = Release;
		};
		40DD160B24BFC51200F29293 /* Build configuration list for PBXNativeTarget "Furniture" */ = {
			isa = XCConfigurationList;
			buildConfigurations = (
				40DD160C24BFC51200F29293 /* Debug */,
				40DD160D24BFC51200F29293 /* Release */,
			);
			defaultConfigurationIsVisible = 0;
			defaultConfigurationName = Release;
		};
/* End XCConfigurationList section */
	};
	rootObject = 40DD15EF24BFC51000F29293 /* Project object */;
}
